
Microsoft Visual Studio Solution File, Format Version 12.00
# Visual Studio Version 17
VisualStudioVersion = 17.6.33815.320
MinimumVisualStudioVersion = 10.0.40219.1
Project("{8BC9CEB8-8B4A-11D0-8D11-00A0C91BC942}") = "MT3_2_2_K", "MT3_2_2_K.vcxproj", "{B70FDC1A-CC77-4354-A190-C22BAA3D297B}"
EndProject
Global
	GlobalSection(SolutionConfigurationPlatforms) = preSolution
		Debug|x64 = Debug|x64
		Release|x64 = Release|x64
	EndGlobalSection
	GlobalSection(ProjectConfigurationPlatforms) = postSolution
		{B70FDC1A-CC77-4354-A190-C22BAA3D297B}.Debug|x64.ActiveCfg = Debug|x64
		{B70FDC1A-CC77-4354-A190-C22BAA3D297B}.Debug|x64.Build.0 = Debug|x64
		{B70FDC1A-CC77-4354-A190-C22BAA3D297B}.Release|x64.ActiveCfg = Release|x64
		{B70FDC1A-CC77-4354-A190-C22BAA3D297B}.Release|x64.Build.0 = Release|x64
	EndGlobalSection
	GlobalSection(SolutionProperties) = preSolution
		HideSolutionNode = FALSE
	EndGlobalSection
	GlobalSection(ExtensibilityGlobals) = postSolution
		SolutionGuid = {D4DE3874-FC68-4E88-8A84-A03C6B03972D}
	EndGlobalSection
EndGlobal
